
Microsoft Visual Studio Solution File, Format Version 12.00
# Visual Studio Version 17
VisualStudioVersion = 17.11.35017.193
MinimumVisualStudioVersion = 10.0.40219.1
Project("{FAE04EC0-301F-11D3-BF4B-00C04F79EFBC}") = "RapidRoute", "RapidRoute.csproj", "{3DD5BE96-7709-4039-971F-49A2A8ED4435}"
EndProject
Global
	GlobalSection(SolutionConfigurationPlatforms) = preSolution
		Debug|Any CPU = Debug|Any CPU
		Release|Any CPU = Release|Any CPU
	EndGlobalSection
	GlobalSection(ProjectConfigurationPlatforms) = postSolution
		{3DD5BE96-7709-4039-971F-49A2A8ED4435}.Debug|Any CPU.ActiveCfg = Debug|Any CPU
		{3DD5BE96-7709-4039-971F-49A2A8ED4435}.Debug|Any CPU.Build.0 = Debug|Any CPU
		{3DD5BE96-7709-4039-971F-49A2A8ED4435}.Release|Any CPU.ActiveCfg = Release|Any CPU
		{3DD5BE96-7709-4039-971F-49A2A8ED4435}.Release|Any CPU.Build.0 = Release|Any CPU
	EndGlobalSection
	GlobalSection(SolutionProperties) = preSolution
		HideSolutionNode = FALSE
	EndGlobalSection
	GlobalSection(ExtensibilityGlobals) = postSolution
		SolutionGuid = {DD6E4533-467D-4A3D-85FB-C9801B839109}
	EndGlobalSection
EndGlobal
